{
  "version": 4,
  "terraform_version": "1.6.3",
  "serial": 14,
  "lineage": "5679946f-3c9c-4cac-ffed-bca39077cb8b",
  "outputs": {},
  "resources": [
    {
      "mode": "managed",
      "type": "azurerm_nat_gateway",
      "name": "this",
      "provider": "provider[\"registry.terraform.io/hashicorp/azurerm\"]",
      "instances": [
        {
          "schema_version": 0,
          "attributes": {
            "id": "/subscriptions/ec9bf4db-5638-4ac0-b06c-6d6689bd130c/resourceGroups/devops-rg/providers/Microsoft.Network/natGateways/devops-network-NAT",
            "idle_timeout_in_minutes": 10,
            "location": "eastus",
            "name": "devops-network-NAT",
            "resource_group_name": "devops-rg",
            "resource_guid": "6425f86f-2d4c-4802-b631-73331a8edd8b",
            "sku_name": "Standard",
            "tags": null,
            "timeouts": null,
            "zones": [
              "1"
            ]
          },
          "sensitive_attributes": [],
          "private": "eyJlMmJmYjczMC1lY2FhLTExZTYtOGY4OC0zNDM2M2JjN2M0YzAiOnsiY3JlYXRlIjozNjAwMDAwMDAwMDAwLCJkZWxldGUiOjM2MDAwMDAwMDAwMDAsInJlYWQiOjMwMDAwMDAwMDAwMCwidXBkYXRlIjozNjAwMDAwMDAwMDAwfX0=",
          "dependencies": [
            "azurerm_resource_group.devops-rg"
          ]
        }
      ]
    },
    {
      "mode": "managed",
      "type": "azurerm_nat_gateway_public_ip_association",
      "name": "this",
      "provider": "provider[\"registry.terraform.io/hashicorp/azurerm\"]",
      "instances": [
        {
          "schema_version": 0,
          "attributes": {
            "id": "/subscriptions/ec9bf4db-5638-4ac0-b06c-6d6689bd130c/resourceGroups/devops-rg/providers/Microsoft.Network/natGateways/devops-network-NAT|/subscriptions/ec9bf4db-5638-4ac0-b06c-6d6689bd130c/resourceGroups/devops-rg/providers/Microsoft.Network/publicIPAddresses/devops-network-Public-IP",
            "nat_gateway_id": "/subscriptions/ec9bf4db-5638-4ac0-b06c-6d6689bd130c/resourceGroups/devops-rg/providers/Microsoft.Network/natGateways/devops-network-NAT",
            "public_ip_address_id": "/subscriptions/ec9bf4db-5638-4ac0-b06c-6d6689bd130c/resourceGroups/devops-rg/providers/Microsoft.Network/publicIPAddresses/devops-network-Public-IP",
            "timeouts": null
          },
          "sensitive_attributes": [],
          "private": "eyJlMmJmYjczMC1lY2FhLTExZTYtOGY4OC0zNDM2M2JjN2M0YzAiOnsiY3JlYXRlIjoxODAwMDAwMDAwMDAwLCJkZWxldGUiOjE4MDAwMDAwMDAwMDAsInJlYWQiOjMwMDAwMDAwMDAwMH19",
          "dependencies": [
            "azurerm_nat_gateway.this",
            "azurerm_public_ip.this",
            "azurerm_resource_group.devops-rg"
          ]
        }
      ]
    },
    {
      "mode": "managed",
      "type": "azurerm_public_ip",
      "name": "this",
      "provider": "provider[\"registry.terraform.io/hashicorp/azurerm\"]",
      "instances": [
        {
          "schema_version": 0,
          "attributes": {
            "allocation_method": "Static",
            "domain_name_label": null,
            "edge_zone": "",
            "fqdn": null,
            "id": "/subscriptions/ec9bf4db-5638-4ac0-b06c-6d6689bd130c/resourceGroups/devops-rg/providers/Microsoft.Network/publicIPAddresses/devops-network-Public-IP",
            "idle_timeout_in_minutes": 4,
            "ip_address": "20.42.95.15",
            "ip_tags": null,
            "ip_version": "IPv4",
            "location": "eastus",
            "name": "devops-network-Public-IP",
            "public_ip_prefix_id": null,
            "resource_group_name": "devops-rg",
            "reverse_fqdn": null,
            "sku": "Standard",
            "sku_tier": "Regional",
            "tags": null,
            "timeouts": null,
            "zones": [
              "1"
            ]
          },
          "sensitive_attributes": [],
          "private": "eyJlMmJmYjczMC1lY2FhLTExZTYtOGY4OC0zNDM2M2JjN2M0YzAiOnsiY3JlYXRlIjoxODAwMDAwMDAwMDAwLCJkZWxldGUiOjE4MDAwMDAwMDAwMDAsInJlYWQiOjMwMDAwMDAwMDAwMCwidXBkYXRlIjoxODAwMDAwMDAwMDAwfX0=",
          "dependencies": [
            "azurerm_resource_group.devops-rg"
          ]
        }
      ]
    },
    {
      "mode": "managed",
      "type": "azurerm_resource_group",
      "name": "devops-rg",
      "provider": "provider[\"registry.terraform.io/hashicorp/azurerm\"]",
      "instances": [
        {
          "schema_version": 0,
          "attributes": {
            "id": "/subscriptions/ec9bf4db-5638-4ac0-b06c-6d6689bd130c/resourceGroups/devops-rg",
            "location": "eastus",
            "name": "devops-rg",
            "tags": {},
            "timeouts": null
          },
          "sensitive_attributes": [],
          "private": "eyJlMmJmYjczMC1lY2FhLTExZTYtOGY4OC0zNDM2M2JjN2M0YzAiOnsiY3JlYXRlIjo1NDAwMDAwMDAwMDAwLCJkZWxldGUiOjU0MDAwMDAwMDAwMDAsInJlYWQiOjMwMDAwMDAwMDAwMCwidXBkYXRlIjo1NDAwMDAwMDAwMDAwfX0="
        }
      ]
    },
    {
      "mode": "managed",
      "type": "azurerm_subnet",
      "name": "private",
      "provider": "provider[\"registry.terraform.io/hashicorp/azurerm\"]",
      "instances": [
        {
          "schema_version": 0,
          "attributes": {
            "address_prefixes": [
              "10.10.10.0/24"
            ],
            "delegation": [],
            "enforce_private_link_endpoint_network_policies": false,
            "enforce_private_link_service_network_policies": false,
            "id": "/subscriptions/ec9bf4db-5638-4ac0-b06c-6d6689bd130c/resourceGroups/devops-rg/providers/Microsoft.Network/virtualNetworks/devops-network/subnets/devops-network-private-subnet",
            "name": "devops-network-private-subnet",
            "resource_group_name": "devops-rg",
            "service_endpoint_policy_ids": [],
            "service_endpoints": [],
            "timeouts": null,
            "virtual_network_name": "devops-network"
          },
          "sensitive_attributes": [],
          "private": "eyJlMmJmYjczMC1lY2FhLTExZTYtOGY4OC0zNDM2M2JjN2M0YzAiOnsiY3JlYXRlIjoxODAwMDAwMDAwMDAwLCJkZWxldGUiOjE4MDAwMDAwMDAwMDAsInJlYWQiOjMwMDAwMDAwMDAwMCwidXBkYXRlIjoxODAwMDAwMDAwMDAwfX0=",
          "dependencies": [
            "azurerm_resource_group.devops-rg",
            "azurerm_virtual_network.devops-vnet"
          ]
        }
      ]
    },
    {
      "mode": "managed",
      "type": "azurerm_subnet",
      "name": "public",
      "provider": "provider[\"registry.terraform.io/hashicorp/azurerm\"]",
      "instances": [
        {
          "schema_version": 0,
          "attributes": {
            "address_prefixes": [
              "10.10.1.0/24"
            ],
            "delegation": [],
            "enforce_private_link_endpoint_network_policies": false,
            "enforce_private_link_service_network_policies": false,
            "id": "/subscriptions/ec9bf4db-5638-4ac0-b06c-6d6689bd130c/resourceGroups/devops-rg/providers/Microsoft.Network/virtualNetworks/devops-network/subnets/devops-network-public-subnet",
            "name": "devops-network-public-subnet",
            "resource_group_name": "devops-rg",
            "service_endpoint_policy_ids": [],
            "service_endpoints": [],
            "timeouts": null,
            "virtual_network_name": "devops-network"
          },
          "sensitive_attributes": [],
          "private": "eyJlMmJmYjczMC1lY2FhLTExZTYtOGY4OC0zNDM2M2JjN2M0YzAiOnsiY3JlYXRlIjoxODAwMDAwMDAwMDAwLCJkZWxldGUiOjE4MDAwMDAwMDAwMDAsInJlYWQiOjMwMDAwMDAwMDAwMCwidXBkYXRlIjoxODAwMDAwMDAwMDAwfX0=",
          "dependencies": [
            "azurerm_resource_group.devops-rg",
            "azurerm_virtual_network.devops-vnet"
          ]
        }
      ]
    },
    {
      "mode": "managed",
      "type": "azurerm_subnet_nat_gateway_association",
      "name": "this",
      "provider": "provider[\"registry.terraform.io/hashicorp/azurerm\"]",
      "instances": [
        {
          "schema_version": 0,
          "attributes": {
            "id": "/subscriptions/ec9bf4db-5638-4ac0-b06c-6d6689bd130c/resourceGroups/devops-rg/providers/Microsoft.Network/virtualNetworks/devops-network/subnets/devops-network-private-subnet",
            "nat_gateway_id": "/subscriptions/ec9bf4db-5638-4ac0-b06c-6d6689bd130c/resourceGroups/devops-rg/providers/Microsoft.Network/natGateways/devops-network-NAT",
            "subnet_id": "/subscriptions/ec9bf4db-5638-4ac0-b06c-6d6689bd130c/resourceGroups/devops-rg/providers/Microsoft.Network/virtualNetworks/devops-network/subnets/devops-network-private-subnet",
            "timeouts": null
          },
          "sensitive_attributes": [],
          "private": "eyJlMmJmYjczMC1lY2FhLTExZTYtOGY4OC0zNDM2M2JjN2M0YzAiOnsiY3JlYXRlIjoxODAwMDAwMDAwMDAwLCJkZWxldGUiOjE4MDAwMDAwMDAwMDAsInJlYWQiOjMwMDAwMDAwMDAwMCwidXBkYXRlIjoxODAwMDAwMDAwMDAwfX0=",
          "dependencies": [
            "azurerm_nat_gateway.this",
            "azurerm_resource_group.devops-rg",
            "azurerm_subnet.private",
            "azurerm_virtual_network.devops-vnet"
          ]
        }
      ]
    },
    {
      "mode": "managed",
      "type": "azurerm_virtual_network",
      "name": "devops-vnet",
      "provider": "provider[\"registry.terraform.io/hashicorp/azurerm\"]",
      "instances": [
        {
          "schema_version": 0,
          "attributes": {
            "address_space": [
              "10.10.0.0/16"
            ],
            "bgp_community": "",
            "ddos_protection_plan": [],
            "dns_servers": [],
            "edge_zone": "",
            "flow_timeout_in_minutes": 0,
            "guid": "90944db5-ba53-4e31-b4b1-4010e86235dc",
            "id": "/subscriptions/ec9bf4db-5638-4ac0-b06c-6d6689bd130c/resourceGroups/devops-rg/providers/Microsoft.Network/virtualNetworks/devops-network",
            "location": "eastus",
            "name": "devops-network",
            "resource_group_name": "devops-rg",
            "subnet": [
              {
                "address_prefix": "10.10.1.0/24",
                "id": "/subscriptions/ec9bf4db-5638-4ac0-b06c-6d6689bd130c/resourceGroups/devops-rg/providers/Microsoft.Network/virtualNetworks/devops-network/subnets/devops-network-public-subnet",
                "name": "devops-network-public-subnet",
                "security_group": ""
              },
              {
                "address_prefix": "10.10.10.0/24",
                "id": "/subscriptions/ec9bf4db-5638-4ac0-b06c-6d6689bd130c/resourceGroups/devops-rg/providers/Microsoft.Network/virtualNetworks/devops-network/subnets/devops-network-private-subnet",
                "name": "devops-network-private-subnet",
                "security_group": ""
              }
            ],
            "tags": {},
            "timeouts": null
          },
          "sensitive_attributes": [],
          "private": "eyJlMmJmYjczMC1lY2FhLTExZTYtOGY4OC0zNDM2M2JjN2M0YzAiOnsiY3JlYXRlIjoxODAwMDAwMDAwMDAwLCJkZWxldGUiOjE4MDAwMDAwMDAwMDAsInJlYWQiOjMwMDAwMDAwMDAwMCwidXBkYXRlIjoxODAwMDAwMDAwMDAwfX0=",
          "dependencies": [
            "azurerm_resource_group.devops-rg"
          ]
        }
      ]
    }
  ],
  "check_results": null
}
